
Microsoft Visual Studio Solution File, Format Version 12.00
# Visual Studio 15
VisualStudioVersion = 15.0.26430.14
MinimumVisualStudioVersion = 10.0.40219.1
Project("{FAE04EC0-301F-11D3-BF4B-00C04F79EFBC}") = "SKILLsConsole", "SKILLsConsole\SKILLsConsole.csproj", "{76CBA7BA-DE73-4B9A-B175-5A4F0B2F7415}"
EndProject
Global
	GlobalSection(SolutionConfigurationPlatforms) = preSolution
		Debug|Any CPU = Debug|Any CPU
		Release|Any CPU = Release|Any CPU
	EndGlobalSection
	GlobalSection(ProjectConfigurationPlatforms) = postSolution
		{76CBA7BA-DE73-4B9A-B175-5A4F0B2F7415}.Debug|Any CPU.ActiveCfg = Debug|Any CPU
		{76CBA7BA-DE73-4B9A-B175-5A4F0B2F7415}.Debug|Any CPU.Build.0 = Debug|Any CPU
		{76CBA7BA-DE73-4B9A-B175-5A4F0B2F7415}.Release|Any CPU.ActiveCfg = Release|Any CPU
		{76CBA7BA-DE73-4B9A-B175-5A4F0B2F7415}.Release|Any CPU.Build.0 = Release|Any CPU
	EndGlobalSection
	GlobalSection(SolutionProperties) = preSolution
		HideSolutionNode = FALSE
	EndGlobalSection
EndGlobal
